
Microsoft Visual Studio Solution File, Format Version 12.00
# Visual Studio Version 16
VisualStudioVersion = 16.0.29613.14
MinimumVisualStudioVersion = 10.0.40219.1
Project("{FAE04EC0-301F-11D3-BF4B-00C04F79EFBC}") = "WpfApp11", "WpfApp11.csproj", "{78AF7717-8287-4697-AAB4-63396C8D8732}"
EndProject
Global
	GlobalSection(SolutionConfigurationPlatforms) = preSolution
		Debug|Any CPU = Debug|Any CPU
		Release|Any CPU = Release|Any CPU
	EndGlobalSection
	GlobalSection(ProjectConfigurationPlatforms) = postSolution
		{78AF7717-8287-4697-AAB4-63396C8D8732}.Debug|Any CPU.ActiveCfg = Debug|Any CPU
		{78AF7717-8287-4697-AAB4-63396C8D8732}.Debug|Any CPU.Build.0 = Debug|Any CPU
		{78AF7717-8287-4697-AAB4-63396C8D8732}.Release|Any CPU.ActiveCfg = Release|Any CPU
		{78AF7717-8287-4697-AAB4-63396C8D8732}.Release|Any CPU.Build.0 = Release|Any CPU
	EndGlobalSection
	GlobalSection(SolutionProperties) = preSolution
		HideSolutionNode = FALSE
	EndGlobalSection
	GlobalSection(ExtensibilityGlobals) = postSolution
		SolutionGuid = {128A4CE6-B45B-42E7-AC87-B27B0E739C98}
	EndGlobalSection
EndGlobal
